
Microsoft Visual Studio Solution File, Format Version 12.00
# Visual Studio Version 16
VisualStudioVersion = 16.0.31321.278
MinimumVisualStudioVersion = 10.0.40219.1
Project("{9A19103F-16F7-4668-BE54-9A1E7A4F7556}") = "CurrencyConverter.Server", "CurrencyConverter\Server\CurrencyConverter.Server.csproj", "{6F661B2E-316D-42EE-ADE0-8E232482FB9B}"
EndProject
Project("{9A19103F-16F7-4668-BE54-9A1E7A4F7556}") = "CurrencyConverter.Client", "CurrencyConverter\Client\CurrencyConverter.Client.csproj", "{910DD647-FB36-4556-9D6B-D60E33491006}"
EndProject
Project("{9A19103F-16F7-4668-BE54-9A1E7A4F7556}") = "CurrencyConverter.Shared", "CurrencyConverter\Shared\CurrencyConverter.Shared.csproj", "{0E7B3C2C-3004-4B07-BBFE-6F22284EE1F8}"
EndProject
Global
	GlobalSection(SolutionConfigurationPlatforms) = preSolution
		Debug|Any CPU = Debug|Any CPU
		Release|Any CPU = Release|Any CPU
	EndGlobalSection
	GlobalSection(ProjectConfigurationPlatforms) = postSolution
		{6F661B2E-316D-42EE-ADE0-8E232482FB9B}.Debug|Any CPU.ActiveCfg = Debug|Any CPU
		{6F661B2E-316D-42EE-ADE0-8E232482FB9B}.Debug|Any CPU.Build.0 = Debug|Any CPU
		{6F661B2E-316D-42EE-ADE0-8E232482FB9B}.Release|Any CPU.ActiveCfg = Release|Any CPU
		{6F661B2E-316D-42EE-ADE0-8E232482FB9B}.Release|Any CPU.Build.0 = Release|Any CPU
		{910DD647-FB36-4556-9D6B-D60E33491006}.Debug|Any CPU.ActiveCfg = Debug|Any CPU
		{910DD647-FB36-4556-9D6B-D60E33491006}.Debug|Any CPU.Build.0 = Debug|Any CPU
		{910DD647-FB36-4556-9D6B-D60E33491006}.Release|Any CPU.ActiveCfg = Release|Any CPU
		{910DD647-FB36-4556-9D6B-D60E33491006}.Release|Any CPU.Build.0 = Release|Any CPU
		{0E7B3C2C-3004-4B07-BBFE-6F22284EE1F8}.Debug|Any CPU.ActiveCfg = Debug|Any CPU
		{0E7B3C2C-3004-4B07-BBFE-6F22284EE1F8}.Debug|Any CPU.Build.0 = Debug|Any CPU
		{0E7B3C2C-3004-4B07-BBFE-6F22284EE1F8}.Release|Any CPU.ActiveCfg = Release|Any CPU
		{0E7B3C2C-3004-4B07-BBFE-6F22284EE1F8}.Release|Any CPU.Build.0 = Release|Any CPU
	EndGlobalSection
	GlobalSection(SolutionProperties) = preSolution
		HideSolutionNode = FALSE
	EndGlobalSection
	GlobalSection(ExtensibilityGlobals) = postSolution
		SolutionGuid = {F4FFF70F-9C81-4DFB-8586-13E613B9FA55}
	EndGlobalSection
EndGlobal
